// !$*UTF8*$!
{
	archiveVersion = 1;
	classes = {
	};
	objectVersion = 77;
	objects = {

/* Begin PBXBuildFile section */
		3C9B4683397EAA314143F2BD /* Levixel.framework in Embed Frameworks */ = {isa = PBXBuildFile; fileRef = 8B68E6562F87329600109120 /* Levixel.framework */; settings = {ATTRIBUTES = (CodeSignOnCopy, RemoveHeadersOnCopy, ); }; };
		73C08C0394F0955360495606 /* Foundation.framework in Frameworks */ = {isa = PBXBuildFile; fileRef = 4902FB3E3CAB26DCD1C15984 /* Foundation.framework */; };
		8B68E6612F87329600109120 /* Levixel.framework in Frameworks */ = {isa = PBXBuildFile; fileRef = 8B68E6562F87329600109120 /* Levixel.framework */; };
		8B68E6622F87329600109120 /* XCTest.framework in Frameworks */ = {isa = PBXBuildFile; fileRef = 8B68E6642F87329600109120 /* XCTest.framework */; };
		A041FF8458996F37ACA8F494 /* AppDelegate.swift in Sources */ = {isa = PBXBuildFile; fileRef = 644BC05E141ECB6676086B2A /* AppDelegate.swift */; };
/* End PBXBuildFile section */

/* Begin PBXContainerItemProxy section */
		65AF52E5394EF5E9EB053784 /* PBXContainerItemProxy */ = {
			isa = PBXContainerItemProxy;
			containerPortal = 8B68E64D2F87329600109120 /* Project object */;
			proxyType = 1;
			remoteGlobalIDString = F2523BD62D4186CA5BA2C41B;
			remoteInfo = LevixelTestHost;
		};
		7AA1EE9DFB2B547F139923F7 /* PBXContainerItemProxy */ = {
			isa = PBXContainerItemProxy;
			containerPortal = 8B68E64D2F87329600109120 /* Project object */;
			proxyType = 1;
			remoteGlobalIDString = 8B68E6552F87329600109120;
			remoteInfo = Levixel;
		};
		8B68E66A2F87329600109120 /* PBXContainerItemProxy */ = {
			isa = PBXContainerItemProxy;
			containerPortal = 8B68E64D2F87329600109120 /* Project object */;
			proxyType = 1;
			remoteGlobalIDString = 8B68E6552F87329600109120;
			remoteInfo = Levixel;
		};
/* End PBXContainerItemProxy section */

/* Begin PBXCopyFilesBuildPhase section */
		5D2D0D806848C900993C5191 /* Embed Frameworks */ = {
			isa = PBXCopyFilesBuildPhase;
			buildActionMask = 2147483647;
			dstPath = "";
			dstSubfolderSpec = 10;
			files = (
				3C9B4683397EAA314143F2BD /* Levixel.framework in Embed Frameworks */,
			);
			name = "Embed Frameworks";
			runOnlyForDeploymentPostprocessing = 0;
		};
/* End PBXCopyFilesBuildPhase section */

/* Begin PBXFileReference section */
		4902FB3E3CAB26DCD1C15984 /* Foundation.framework */ = {isa = PBXFileReference; lastKnownFileType = wrapper.framework; name = Foundation.framework; path = System/Library/Frameworks/Foundation.framework; sourceTree = SDKROOT; };
		644BC05E141ECB6676086B2A /* AppDelegate.swift */ = {isa = PBXFileReference; includeInIndex = 1; lastKnownFileType = sourcecode.swift; path = AppDelegate.swift; sourceTree = "<group>"; };
		8B68E6562F87329600109120 /* Levixel.framework */ = {isa = PBXFileReference; explicitFileType = wrapper.framework; includeInIndex = 0; path = Levixel.framework; sourceTree = BUILT_PRODUCTS_DIR; };
		8B68E6632F87329600109120 /* LevixelTests.xctest */ = {isa = PBXFileReference; explicitFileType = wrapper.cfbundle; includeInIndex = 0; path = LevixelTests.xctest; sourceTree = BUILT_PRODUCTS_DIR; };
		8B68E6642F87329600109120 /* XCTest.framework */ = {isa = PBXFileReference; lastKnownFileType = wrapper.framework; name = XCTest.framework; path = System/Library/Frameworks/XCTest.framework; sourceTree = SDKROOT; };
		9F1EB55590A17FB290BAB5A6 /* LevixelTestHost.app */ = {isa = PBXFileReference; explicitFileType = wrapper.application; includeInIndex = 0; path = LevixelTestHost.app; sourceTree = BUILT_PRODUCTS_DIR; };
/* End PBXFileReference section */

/* Begin PBXFileSystemSynchronizedBuildFileExceptionSet section */
		8B68E65B2F87329600109120 /* Exceptions for "Levixel" folder in "Levixel" target */ = {
			isa = PBXFileSystemSynchronizedBuildFileExceptionSet;
			publicHeaders = (
				Levixel.h,
			);
			target = 8B68E6552F87329600109120 /* Levixel */;
		};
/* End PBXFileSystemSynchronizedBuildFileExceptionSet section */

/* Begin PBXFileSystemSynchronizedRootGroup section */
		8B68E6582F87329600109120 /* Levixel */ = {
			isa = PBXFileSystemSynchronizedRootGroup;
			exceptions = (
				8B68E65B2F87329600109120 /* Exceptions for "Levixel" folder in "Levixel" target */,
			);
			path = Levixel;
			sourceTree = "<group>";
		};
		8B68E6652F87329600109120 /* LevixelTests */ = {
			isa = PBXFileSystemSynchronizedRootGroup;
			exceptions = (
			);
			path = LevixelTests;
			sourceTree = "<group>";
		};
/* End PBXFileSystemSynchronizedRootGroup section */

/* Begin PBXFrameworksBuildPhase section */
		53F0A6B0B7E08AD3BD13C9D6 /* Frameworks */ = {
			isa = PBXFrameworksBuildPhase;
			buildActionMask = 2147483647;
			files = (
				73C08C0394F0955360495606 /* Foundation.framework in Frameworks */,
			);
			runOnlyForDeploymentPostprocessing = 0;
		};
		8B68E6532F87329600109120 /* Frameworks */ = {
			isa = PBXFrameworksBuildPhase;
			buildActionMask = 2147483647;
			files = (
			);
			runOnlyForDeploymentPostprocessing = 0;
		};
		8B68E6662F87329600109120 /* Frameworks */ = {
			isa = PBXFrameworksBuildPhase;
			buildActionMask = 2147483647;
			files = (
				8B68E6612F87329600109120 /* Levixel.framework in Frameworks */,
				8B68E6622F87329600109120 /* XCTest.framework in Frameworks */,
			);
			runOnlyForDeploymentPostprocessing = 0;
		};
/* End PBXFrameworksBuildPhase section */

/* Begin PBXGroup section */
		6F6DBD085A6EBF57F93A43BB /* LevixelTestHost */ = {
			isa = PBXGroup;
			children = (
				644BC05E141ECB6676086B2A /* AppDelegate.swift */,
			);
			name = LevixelTestHost;
			path = LevixelTestHost;
			sourceTree = "<group>";
		};
		8B68E64C2F87329600109120 = {
			isa = PBXGroup;
			children = (
				8B68E6582F87329600109120 /* Levixel */,
				8B68E6652F87329600109120 /* LevixelTests */,
				8B68E66F2F87329600109120 /* Frameworks */,
				8B68E6572F87329600109120 /* Products */,
				6F6DBD085A6EBF57F93A43BB /* LevixelTestHost */,
			);
			sourceTree = "<group>";
		};
		8B68E6572F87329600109120 /* Products */ = {
			isa = PBXGroup;
			children = (
				8B68E6562F87329600109120 /* Levixel.framework */,
				8B68E6632F87329600109120 /* LevixelTests.xctest */,
				9F1EB55590A17FB290BAB5A6 /* LevixelTestHost.app */,
			);
			name = Products;
			sourceTree = "<group>";
		};
		8B68E66F2F87329600109120 /* Frameworks */ = {
			isa = PBXGroup;
			children = (
				8B68E6642F87329600109120 /* XCTest.framework */,
				D46B815532F44EC0B7E42BAD /* iOS */,
			);
			name = Frameworks;
			sourceTree = "<group>";
		};
		D46B815532F44EC0B7E42BAD /* iOS */ = {
			isa = PBXGroup;
			children = (
				4902FB3E3CAB26DCD1C15984 /* Foundation.framework */,
			);
			name = iOS;
			sourceTree = "<group>";
		};
/* End PBXGroup section */

/* Begin PBXHeadersBuildPhase section */
		8B68E6512F87329600109120 /* Headers */ = {
			isa = PBXHeadersBuildPhase;
			buildActionMask = 2147483647;
			files = (
			);
			runOnlyForDeploymentPostprocessing = 0;
		};
/* End PBXHeadersBuildPhase section */

/* Begin PBXNativeTarget section */
		8B68E6552F87329600109120 /* Levixel */ = {
			isa = PBXNativeTarget;
			buildConfigurationList = 8B68E65C2F87329600109120 /* Build configuration list for PBXNativeTarget "Levixel" */;
			buildPhases = (
				8B68E6512F87329600109120 /* Headers */,
				8B68E6522F87329600109120 /* Sources */,
				8B68E6532F87329600109120 /* Frameworks */,
				8B68E6542F87329600109120 /* Resources */,
			);
			buildRules = (
			);
			dependencies = (
			);
			fileSystemSynchronizedGroups = (
				8B68E6582F87329600109120 /* Levixel */,
			);
			name = Levixel;
			productName = Levixel;
			productReference = 8B68E6562F87329600109120 /* Levixel.framework */;
			productType = "com.apple.product-type.framework";
		};
		8B68E6692F87329600109120 /* LevixelTests */ = {
			isa = PBXNativeTarget;
			buildConfigurationList = 8B68E66E2F87329600109120 /* Build configuration list for PBXNativeTarget "LevixelTests" */;
			buildPhases = (
				8B68E6672F87329600109120 /* Sources */,
				8B68E6662F87329600109120 /* Frameworks */,
				8B68E6682F87329600109120 /* Resources */,
			);
			buildRules = (
			);
			dependencies = (
				8B68E66B2F87329600109120 /* PBXTargetDependency */,
				9D74F3EC8743F577EB1DA615 /* PBXTargetDependency */,
			);
			fileSystemSynchronizedGroups = (
				8B68E6652F87329600109120 /* LevixelTests */,
			);
			name = LevixelTests;
			productName = LevixelTests;
			productReference = 8B68E6632F87329600109120 /* LevixelTests.xctest */;
			productType = "com.apple.product-type.bundle.unit-test";
		};
		F2523BD62D4186CA5BA2C41B /* LevixelTestHost */ = {
			isa = PBXNativeTarget;
			buildConfigurationList = 35B7D1698E70164B6DCB7654 /* Build configuration list for PBXNativeTarget "LevixelTestHost" */;
			buildPhases = (
				229AC0E63D85A2B43A6A9B52 /* Sources */,
				53F0A6B0B7E08AD3BD13C9D6 /* Frameworks */,
				561FE93CB93B78608DB5781A /* Resources */,
				5D2D0D806848C900993C5191 /* Embed Frameworks */,
			);
			buildRules = (
			);
			dependencies = (
				D0019AD9C100185DEF88801F /* PBXTargetDependency */,
			);
			name = LevixelTestHost;
			productName = LevixelTestHost;
			productReference = 9F1EB55590A17FB290BAB5A6 /* LevixelTestHost.app */;
			productType = "com.apple.product-type.application";
		};
/* End PBXNativeTarget section */

/* Begin PBXProject section */
		8B68E64D2F87329600109120 /* Project object */ = {
			isa = PBXProject;
			attributes = {
				BuildIndependentTargetsInParallel = 1;
				LastUpgradeCheck = 2620;
				TargetAttributes = {
					8B68E6552F87329600109120 = {
						CreatedOnToolsVersion = 26.2;
					};
					8B68E6692F87329600109120 = {
						CreatedOnToolsVersion = 26.2;
						TestTargetID = F2523BD62D4186CA5BA2C41B;
					};
				};
			};
			buildConfigurationList = 8B68E6502F87329600109120 /* Build configuration list for PBXProject "Levixel" */;
			developmentRegion = en;
			hasScannedForEncodings = 0;
			knownRegions = (
				en,
				Base,
			);
			mainGroup = 8B68E64C2F87329600109120;
			minimizedProjectReferenceProxies = 1;
			preferredProjectObjectVersion = 77;
			productRefGroup = 8B68E6572F87329600109120 /* Products */;
			projectDirPath = "";
			projectRoot = "";
			targets = (
				8B68E6552F87329600109120 /* Levixel */,
				8B68E6692F87329600109120 /* LevixelTests */,
				F2523BD62D4186CA5BA2C41B /* LevixelTestHost */,
			);
		};
/* End PBXProject section */

/* Begin PBXResourcesBuildPhase section */
		561FE93CB93B78608DB5781A /* Resources */ = {
			isa = PBXResourcesBuildPhase;
			buildActionMask = 2147483647;
			files = (
			);
			runOnlyForDeploymentPostprocessing = 0;
		};
		8B68E6542F87329600109120 /* Resources */ = {
			isa = PBXResourcesBuildPhase;
			buildActionMask = 2147483647;
			files = (
			);
			runOnlyForDeploymentPostprocessing = 0;
		};
		8B68E6682F87329600109120 /* Resources */ = {
			isa = PBXResourcesBuildPhase;
			buildActionMask = 2147483647;
			files = (
			);
			runOnlyForDeploymentPostprocessing = 0;
		};
/* End PBXResourcesBuildPhase section */

/* Begin PBXSourcesBuildPhase section */
		229AC0E63D85A2B43A6A9B52 /* Sources */ = {
			isa = PBXSourcesBuildPhase;
			buildActionMask = 2147483647;
			files = (
				A041FF8458996F37ACA8F494 /* AppDelegate.swift in Sources */,
			);
			runOnlyForDeploymentPostprocessing = 0;
		};
		8B68E6522F87329600109120 /* Sources */ = {
			isa = PBXSourcesBuildPhase;
			buildActionMask = 2147483647;
			files = (
			);
			runOnlyForDeploymentPostprocessing = 0;
		};
		8B68E6672F87329600109120 /* Sources */ = {
			isa = PBXSourcesBuildPhase;
			buildActionMask = 2147483647;
			files = (
			);
			runOnlyForDeploymentPostprocessing = 0;
		};
/* End PBXSourcesBuildPhase section */

/* Begin PBXTargetDependency section */
		8B68E66B2F87329600109120 /* PBXTargetDependency */ = {
			isa = PBXTargetDependency;
			target = 8B68E6552F87329600109120 /* Levixel */;
			targetProxy = 8B68E66A2F87329600109120 /* PBXContainerItemProxy */;
		};
		9D74F3EC8743F577EB1DA615 /* PBXTargetDependency */ = {
			isa = PBXTargetDependency;
			name = LevixelTestHost;
			target = F2523BD62D4186CA5BA2C41B /* LevixelTestHost */;
			targetProxy = 65AF52E5394EF5E9EB053784 /* PBXContainerItemProxy */;
		};
		D0019AD9C100185DEF88801F /* PBXTargetDependency */ = {
			isa = PBXTargetDependency;
			name = Levixel;
			target = 8B68E6552F87329600109120 /* Levixel */;
			targetProxy = 7AA1EE9DFB2B547F139923F7 /* PBXContainerItemProxy */;
		};
/* End PBXTargetDependency section */

/* Begin XCBuildConfiguration section */
		0AEB74B0E5F7EB9B53F0A043 /* Release */ = {
			isa = XCBuildConfiguration;
			buildSettings = {
				ASSETCATALOG_COMPILER_APPICON_NAME = AppIcon;
				ASSETCATALOG_COMPILER_GLOBAL_ACCENT_COLOR_NAME = AccentColor;
				CLANG_ENABLE_OBJC_WEAK = NO;
				CODE_SIGN_STYLE = Automatic;
				GENERATE_INFOPLIST_FILE = YES;
				INFOPLIST_KEY_UIApplicationSceneManifest_Generation = YES;
				INFOPLIST_KEY_UILaunchScreen_Generation = YES;
				IPHONEOS_DEPLOYMENT_TARGET = 13.0;
				LD_RUNPATH_SEARCH_PATHS = (
					"$(inherited)",
					"@executable_path/Frameworks",
				);
				CURRENT_PROJECT_VERSION = 1;
				PRODUCT_NAME = "$(TARGET_NAME)";
				PRODUCT_BUNDLE_IDENTIFIER = com.sandrox.levixel.testhost;
				SDKROOT = iphoneos;
				SKIP_INSTALL = YES;
				SWIFT_VERSION = 5.0;
				TARGETED_DEVICE_FAMILY = "1,2";
				VALIDATE_PRODUCT = YES;
			};
			name = Release;
		};
		399D1C57EE1C971363392201 /* Debug */ = {
			isa = XCBuildConfiguration;
			buildSettings = {
				ASSETCATALOG_COMPILER_APPICON_NAME = AppIcon;
				ASSETCATALOG_COMPILER_GLOBAL_ACCENT_COLOR_NAME = AccentColor;
				CLANG_ENABLE_OBJC_WEAK = NO;
				CODE_SIGN_STYLE = Automatic;
				GENERATE_INFOPLIST_FILE = YES;
				INFOPLIST_KEY_UIApplicationSceneManifest_Generation = YES;
				INFOPLIST_KEY_UILaunchScreen_Generation = YES;
				IPHONEOS_DEPLOYMENT_TARGET = 13.0;
				LD_RUNPATH_SEARCH_PATHS = (
					"$(inherited)",
					"@executable_path/Frameworks",
				);
				CURRENT_PROJECT_VERSION = 1;
				PRODUCT_NAME = "$(TARGET_NAME)";
				PRODUCT_BUNDLE_IDENTIFIER = com.sandrox.levixel.testhost;
				SDKROOT = iphoneos;
				SKIP_INSTALL = YES;
				SWIFT_VERSION = 5.0;
				TARGETED_DEVICE_FAMILY = "1,2";
			};
			name = Debug;
		};
		8B68E65D2F87329600109120 /* Debug */ = {
			isa = XCBuildConfiguration;
			buildSettings = {
				BUILD_LIBRARY_FOR_DISTRIBUTION = YES;
				CODE_SIGN_STYLE = Automatic;
				CURRENT_PROJECT_VERSION = 1;
				DEFINES_MODULE = YES;
				DYLIB_COMPATIBILITY_VERSION = 1;
				DYLIB_CURRENT_VERSION = 1;
				DYLIB_INSTALL_NAME_BASE = "@rpath";
				ENABLE_MODULE_VERIFIER = YES;
				GENERATE_INFOPLIST_FILE = YES;
				INFOPLIST_KEY_NSHumanReadableCopyright = "";
				INSTALL_PATH = "$(LOCAL_LIBRARY_DIR)/Frameworks";
				IPHONEOS_DEPLOYMENT_TARGET = 13.0;
				LD_RUNPATH_SEARCH_PATHS = (
					"$(inherited)",
					"@executable_path/Frameworks",
					"@loader_path/Frameworks",
				);
				MARKETING_VERSION = 1.3.0;
				MODULE_VERIFIER_SUPPORTED_LANGUAGES = "objective-c objective-c++";
				MODULE_VERIFIER_SUPPORTED_LANGUAGE_STANDARDS = "gnu17 gnu++20";
				PRODUCT_BUNDLE_IDENTIFIER = com.sandrox.levixel;
				PRODUCT_NAME = "$(TARGET_NAME:c99extidentifier)";
				SKIP_INSTALL = NO;
				STRING_CATALOG_GENERATE_SYMBOLS = YES;
				SWIFT_EMIT_LOC_STRINGS = YES;
				SWIFT_VERSION = 5.0;
				TARGETED_DEVICE_FAMILY = "1,2";
			};
			name = Debug;
		};
		8B68E65E2F87329600109120 /* Release */ = {
			isa = XCBuildConfiguration;
			buildSettings = {
				BUILD_LIBRARY_FOR_DISTRIBUTION = YES;
				CODE_SIGN_STYLE = Automatic;
				CURRENT_PROJECT_VERSION = 1;
				DEFINES_MODULE = YES;
				DYLIB_COMPATIBILITY_VERSION = 1;
				DYLIB_CURRENT_VERSION = 1;
				DYLIB_INSTALL_NAME_BASE = "@rpath";
				ENABLE_MODULE_VERIFIER = YES;
				GENERATE_INFOPLIST_FILE = YES;
				INFOPLIST_KEY_NSHumanReadableCopyright = "";
				INSTALL_PATH = "$(LOCAL_LIBRARY_DIR)/Frameworks";
				IPHONEOS_DEPLOYMENT_TARGET = 13.0;
				LD_RUNPATH_SEARCH_PATHS = (
					"$(inherited)",
					"@executable_path/Frameworks",
					"@loader_path/Frameworks",
				);
				MARKETING_VERSION = 1.3.0;
				MODULE_VERIFIER_SUPPORTED_LANGUAGES = "objective-c objective-c++";
				MODULE_VERIFIER_SUPPORTED_LANGUAGE_STANDARDS = "gnu17 gnu++20";
				PRODUCT_BUNDLE_IDENTIFIER = com.sandrox.levixel;
				PRODUCT_NAME = "$(TARGET_NAME:c99extidentifier)";
				SKIP_INSTALL = NO;
				STRING_CATALOG_GENERATE_SYMBOLS = YES;
				SWIFT_EMIT_LOC_STRINGS = YES;
				SWIFT_VERSION = 5.0;
				TARGETED_DEVICE_FAMILY = "1,2";
			};
			name = Release;
		};
		8B68E65F2F87329600109120 /* Debug */ = {
			isa = XCBuildConfiguration;
			buildSettings = {
				ALWAYS_SEARCH_USER_PATHS = NO;
				ASSETCATALOG_COMPILER_GENERATE_SWIFT_ASSET_SYMBOL_EXTENSIONS = YES;
				CLANG_ANALYZER_NONNULL = YES;
				CLANG_ANALYZER_NUMBER_OBJECT_CONVERSION = YES_AGGRESSIVE;
				CLANG_CXX_LANGUAGE_STANDARD = "gnu++20";
				CLANG_ENABLE_MODULES = YES;
				CLANG_ENABLE_OBJC_ARC = YES;
				CLANG_ENABLE_OBJC_WEAK = YES;
				CLANG_WARN_BLOCK_CAPTURE_AUTORELEASING = YES;
				CLANG_WARN_BOOL_CONVERSION = YES;
				CLANG_WARN_COMMA = YES;
				CLANG_WARN_CONSTANT_CONVERSION = YES;
				CLANG_WARN_DEPRECATED_OBJC_IMPLEMENTATIONS = YES;
				CLANG_WARN_DIRECT_OBJC_ISA_USAGE = YES_ERROR;
				CLANG_WARN_DOCUMENTATION_COMMENTS = YES;
				CLANG_WARN_EMPTY_BODY = YES;
				CLANG_WARN_ENUM_CONVERSION = YES;
				CLANG_WARN_INFINITE_RECURSION = YES;
				CLANG_WARN_INT_CONVERSION = YES;
				CLANG_WARN_NON_LITERAL_NULL_CONVERSION = YES;
				CLANG_WARN_OBJC_IMPLICIT_RETAIN_SELF = YES;
				CLANG_WARN_OBJC_LITERAL_CONVERSION = YES;
				CLANG_WARN_OBJC_ROOT_CLASS = YES_ERROR;
				CLANG_WARN_QUOTED_INCLUDE_IN_FRAMEWORK_HEADER = YES;
				CLANG_WARN_RANGE_LOOP_ANALYSIS = YES;
				CLANG_WARN_STRICT_PROTOTYPES = YES;
				CLANG_WARN_SUSPICIOUS_MOVE = YES;
				CLANG_WARN_UNGUARDED_AVAILABILITY = YES_AGGRESSIVE;
				CLANG_WARN_UNREACHABLE_CODE = YES;
				CLANG_WARN__DUPLICATE_METHOD_MATCH = YES;
				COPY_PHASE_STRIP = NO;
				CURRENT_PROJECT_VERSION = 1;
				DEBUG_INFORMATION_FORMAT = dwarf;
				ENABLE_STRICT_OBJC_MSGSEND = YES;
				ENABLE_TESTABILITY = YES;
				ENABLE_USER_SCRIPT_SANDBOXING = YES;
				GCC_C_LANGUAGE_STANDARD = gnu17;
				GCC_DYNAMIC_NO_PIC = NO;
				GCC_NO_COMMON_BLOCKS = YES;
				GCC_OPTIMIZATION_LEVEL = 0;
				GCC_PREPROCESSOR_DEFINITIONS = (
					"DEBUG=1",
					"$(inherited)",
				);
				GCC_WARN_64_TO_32_BIT_CONVERSION = YES;
				GCC_WARN_ABOUT_RETURN_TYPE = YES_ERROR;
				GCC_WARN_UNDECLARED_SELECTOR = YES;
				GCC_WARN_UNINITIALIZED_AUTOS = YES_AGGRESSIVE;
				GCC_WARN_UNUSED_FUNCTION = YES;
				GCC_WARN_UNUSED_VARIABLE = YES;
				IPHONEOS_DEPLOYMENT_TARGET = 13.0;
				LOCALIZATION_PREFERS_STRING_CATALOGS = YES;
				MTL_ENABLE_DEBUG_INFO = INCLUDE_SOURCE;
				MTL_FAST_MATH = YES;
				ONLY_ACTIVE_ARCH = YES;
				SDKROOT = iphoneos;
				SWIFT_VERSION = 5.0;
				VERSIONING_SYSTEM = "apple-generic";
				VERSION_INFO_PREFIX = "";
			};
			name = Debug;
		};
		8B68E6602F87329600109120 /* Release */ = {
			isa = XCBuildConfiguration;
			buildSettings = {
				ALWAYS_SEARCH_USER_PATHS = NO;
				ASSETCATALOG_COMPILER_GENERATE_SWIFT_ASSET_SYMBOL_EXTENSIONS = YES;
				CLANG_ANALYZER_NONNULL = YES;
				CLANG_ANALYZER_NUMBER_OBJECT_CONVERSION = YES_AGGRESSIVE;
				CLANG_CXX_LANGUAGE_STANDARD = "gnu++20";
				CLANG_ENABLE_MODULES = YES;
				CLANG_ENABLE_OBJC_ARC = YES;
				CLANG_ENABLE_OBJC_WEAK = YES;
				CLANG_WARN_BLOCK_CAPTURE_AUTORELEASING = YES;
				CLANG_WARN_BOOL_CONVERSION = YES;
				CLANG_WARN_COMMA = YES;
				CLANG_WARN_CONSTANT_CONVERSION = YES;
				CLANG_WARN_DEPRECATED_OBJC_IMPLEMENTATIONS = YES;
				CLANG_WARN_DIRECT_OBJC_ISA_USAGE = YES_ERROR;
				CLANG_WARN_DOCUMENTATION_COMMENTS = YES;
				CLANG_WARN_EMPTY_BODY = YES;
				CLANG_WARN_ENUM_CONVERSION = YES;
				CLANG_WARN_INFINITE_RECURSION = YES;
				CLANG_WARN_INT_CONVERSION = YES;
				CLANG_WARN_NON_LITERAL_NULL_CONVERSION = YES;
				CLANG_WARN_OBJC_IMPLICIT_RETAIN_SELF = YES;
				CLANG_WARN_OBJC_LITERAL_CONVERSION = YES;
				CLANG_WARN_OBJC_ROOT_CLASS = YES_ERROR;
				CLANG_WARN_QUOTED_INCLUDE_IN_FRAMEWORK_HEADER = YES;
				CLANG_WARN_RANGE_LOOP_ANALYSIS = YES;
				CLANG_WARN_STRICT_PROTOTYPES = YES;
				CLANG_WARN_SUSPICIOUS_MOVE = YES;
				CLANG_WARN_UNGUARDED_AVAILABILITY = YES_AGGRESSIVE;
				CLANG_WARN_UNREACHABLE_CODE = YES;
				CLANG_WARN__DUPLICATE_METHOD_MATCH = YES;
				COPY_PHASE_STRIP = NO;
				CURRENT_PROJECT_VERSION = 1;
				DEBUG_INFORMATION_FORMAT = "dwarf-with-dsym";
				ENABLE_NS_ASSERTIONS = NO;
				ENABLE_STRICT_OBJC_MSGSEND = YES;
				ENABLE_USER_SCRIPT_SANDBOXING = YES;
				GCC_C_LANGUAGE_STANDARD = gnu17;
				GCC_NO_COMMON_BLOCKS = YES;
				GCC_WARN_64_TO_32_BIT_CONVERSION = YES;
				GCC_WARN_ABOUT_RETURN_TYPE = YES_ERROR;
				GCC_WARN_UNDECLARED_SELECTOR = YES;
				GCC_WARN_UNINITIALIZED_AUTOS = YES_AGGRESSIVE;
				GCC_WARN_UNUSED_FUNCTION = YES;
				GCC_WARN_UNUSED_VARIABLE = YES;
				IPHONEOS_DEPLOYMENT_TARGET = 13.0;
				LOCALIZATION_PREFERS_STRING_CATALOGS = YES;
				MTL_ENABLE_DEBUG_INFO = NO;
				MTL_FAST_MATH = YES;
				SDKROOT = iphoneos;
				SWIFT_VERSION = 5.0;
				VALIDATE_PRODUCT = YES;
				VERSIONING_SYSTEM = "apple-generic";
				VERSION_INFO_PREFIX = "";
			};
			name = Release;
		};
		8B68E66C2F87329600109120 /* Debug */ = {
			isa = XCBuildConfiguration;
			buildSettings = {
				BUNDLE_LOADER = "$(TEST_HOST)";
				CLANG_ENABLE_MODULES = YES;
				CODE_SIGN_STYLE = Automatic;
				CURRENT_PROJECT_VERSION = 1;
				GENERATE_INFOPLIST_FILE = YES;
				IPHONEOS_DEPLOYMENT_TARGET = 13.0;
				LD_RUNPATH_SEARCH_PATHS = (
					"$(inherited)",
					"@executable_path/Frameworks",
					"@loader_path/Frameworks",
				);
				PRODUCT_BUNDLE_IDENTIFIER = com.sandrox.levixel.tests;
				PRODUCT_NAME = "$(TARGET_NAME)";
				SDKROOT = iphoneos;
				SKIP_INSTALL = YES;
				SWIFT_ACTIVE_COMPILATION_CONDITIONS = DEBUG;
				SWIFT_VERSION = 5.0;
				TARGETED_DEVICE_FAMILY = "1,2";
				TEST_HOST = "$(BUILT_PRODUCTS_DIR)/LevixelTestHost.app/LevixelTestHost";
			};
			name = Debug;
		};
		8B68E66D2F87329600109120 /* Release */ = {
			isa = XCBuildConfiguration;
			buildSettings = {
				BUNDLE_LOADER = "$(TEST_HOST)";
				CLANG_ENABLE_MODULES = YES;
				CODE_SIGN_STYLE = Automatic;
				CURRENT_PROJECT_VERSION = 1;
				GENERATE_INFOPLIST_FILE = YES;
				IPHONEOS_DEPLOYMENT_TARGET = 13.0;
				LD_RUNPATH_SEARCH_PATHS = (
					"$(inherited)",
					"@executable_path/Frameworks",
					"@loader_path/Frameworks",
				);
				PRODUCT_BUNDLE_IDENTIFIER = com.sandrox.levixel.tests;
				PRODUCT_NAME = "$(TARGET_NAME)";
				SDKROOT = iphoneos;
				SKIP_INSTALL = YES;
				SWIFT_VERSION = 5.0;
				TARGETED_DEVICE_FAMILY = "1,2";
				TEST_HOST = "$(BUILT_PRODUCTS_DIR)/LevixelTestHost.app/LevixelTestHost";
			};
			name = Release;
		};
/* End XCBuildConfiguration section */

/* Begin XCConfigurationList section */
		35B7D1698E70164B6DCB7654 /* Build configuration list for PBXNativeTarget "LevixelTestHost" */ = {
			isa = XCConfigurationList;
			buildConfigurations = (
				0AEB74B0E5F7EB9B53F0A043 /* Release */,
				399D1C57EE1C971363392201 /* Debug */,
			);
			defaultConfigurationIsVisible = 0;
			defaultConfigurationName = Release;
		};
		8B68E6502F87329600109120 /* Build configuration list for PBXProject "Levixel" */ = {
			isa = XCConfigurationList;
			buildConfigurations = (
				8B68E65F2F87329600109120 /* Debug */,
				8B68E6602F87329600109120 /* Release */,
			);
			defaultConfigurationIsVisible = 0;
			defaultConfigurationName = Release;
		};
		8B68E65C2F87329600109120 /* Build configuration list for PBXNativeTarget "Levixel" */ = {
			isa = XCConfigurationList;
			buildConfigurations = (
				8B68E65D2F87329600109120 /* Debug */,
				8B68E65E2F87329600109120 /* Release */,
			);
			defaultConfigurationIsVisible = 0;
			defaultConfigurationName = Release;
		};
		8B68E66E2F87329600109120 /* Build configuration list for PBXNativeTarget "LevixelTests" */ = {
			isa = XCConfigurationList;
			buildConfigurations = (
				8B68E66C2F87329600109120 /* Debug */,
				8B68E66D2F87329600109120 /* Release */,
			);
			defaultConfigurationIsVisible = 0;
			defaultConfigurationName = Release;
		};
/* End XCConfigurationList section */
	};
	rootObject = 8B68E64D2F87329600109120 /* Project object */;
}
